// !$*UTF8*$!
{
	archiveVersion = 1;
	classes = {
	};
	objectVersion = 56;
	objects = {

/* Begin PBXBuildFile section */
		6C4716492B6DF1450083A4BB /* KeychainHelper.swift in Sources */ = {isa = PBXBuildFile; fileRef = 6C4716482B6DF1450083A4BB /* KeychainHelper.swift */; };
		6C47164D2B7069CC0083A4BB /* SettingsView.swift in Sources */ = {isa = PBXBuildFile; fileRef = 6C47164C2B7069CC0083A4BB /* SettingsView.swift */; };
		6C5255B92B63AFF10096F899 /* remotedesktopApp.swift in Sources */ = {isa = PBXBuildFile; fileRef = 6C5255B82B63AFF10096F899 /* remotedesktopApp.swift */; };
		6C5255BB2B63AFF10096F899 /* ContentView.swift in Sources */ = {isa = PBXBuildFile; fileRef = 6C5255BA2B63AFF10096F899 /* ContentView.swift */; };
		6C5255BD2B63AFF10096F899 /* Item.swift in Sources */ = {isa = PBXBuildFile; fileRef = 6C5255BC2B63AFF10096F899 /* Item.swift */; };
		6C5255BF2B63AFF20096F899 /* Assets.xcassets in Resources */ = {isa = PBXBuildFile; fileRef = 6C5255BE2B63AFF20096F899 /* Assets.xcassets */; };
		6C5255C22B63AFF20096F899 /* Preview Assets.xcassets in Resources */ = {isa = PBXBuildFile; fileRef = 6C5255C12B63AFF20096F899 /* Preview Assets.xcassets */; };
		6C5255CC2B63AFF20096F899 /* remotedesktopTests.swift in Sources */ = {isa = PBXBuildFile; fileRef = 6C5255CB2B63AFF20096F899 /* remotedesktopTests.swift */; };
		6C5255D62B63AFF20096F899 /* remotedesktopUITests.swift in Sources */ = {isa = PBXBuildFile; fileRef = 6C5255D52B63AFF20096F899 /* remotedesktopUITests.swift */; };
		6C5255D82B63AFF20096F899 /* remotedesktopUITestsLaunchTests.swift in Sources */ = {isa = PBXBuildFile; fileRef = 6C5255D72B63AFF20096F899 /* remotedesktopUITestsLaunchTests.swift */; };
		6C5255E52B64967A0096F899 /* Config.swift in Sources */ = {isa = PBXBuildFile; fileRef = 6C5255E42B6496790096F899 /* Config.swift */; };
		6C5255E72B6499A60096F899 /* ConfigModel.swift in Sources */ = {isa = PBXBuildFile; fileRef = 6C5255E62B6499A60096F899 /* ConfigModel.swift */; };
		6C5255E92B6641B20096F899 /* viewer.html in Resources */ = {isa = PBXBuildFile; fileRef = 6C5255E82B6641B20096F899 /* viewer.html */; };
		6C5255EC2B67913B0096F899 /* all.js in Resources */ = {isa = PBXBuildFile; fileRef = 6C5255EA2B67913B0096F899 /* all.js */; };
		6C5255ED2B67913B0096F899 /* all.min.js in Resources */ = {isa = PBXBuildFile; fileRef = 6C5255EB2B67913B0096F899 /* all.min.js */; };
		6CDC1B902B717AD80026E43C /* LoginWebView.swift in Sources */ = {isa = PBXBuildFile; fileRef = 6CDC1B8F2B717AD80026E43C /* LoginWebView.swift */; };
		6CDC1B922B7190D00026E43C /* GuacViewer.swift in Sources */ = {isa = PBXBuildFile; fileRef = 6CDC1B912B7190D00026E43C /* GuacViewer.swift */; };
		6CDC1B942B71911C0026E43C /* LoginView.swift in Sources */ = {isa = PBXBuildFile; fileRef = 6CDC1B932B71911C0026E43C /* LoginView.swift */; };
/* End PBXBuildFile section */

/* Begin PBXContainerItemProxy section */
		6C5255C82B63AFF20096F899 /* PBXContainerItemProxy */ = {
			isa = PBXContainerItemProxy;
			containerPortal = 6C5255AD2B63AFF10096F899 /* Project object */;
			proxyType = 1;
			remoteGlobalIDString = 6C5255B42B63AFF10096F899;
			remoteInfo = remotedesktop;
		};
		6C5255D22B63AFF20096F899 /* PBXContainerItemProxy */ = {
			isa = PBXContainerItemProxy;
			containerPortal = 6C5255AD2B63AFF10096F899 /* Project object */;
			proxyType = 1;
			remoteGlobalIDString = 6C5255B42B63AFF10096F899;
			remoteInfo = remotedesktop;
		};
/* End PBXContainerItemProxy section */

/* Begin PBXFileReference section */
		6C4716482B6DF1450083A4BB /* KeychainHelper.swift */ = {isa = PBXFileReference; lastKnownFileType = sourcecode.swift; path = KeychainHelper.swift; sourceTree = "<group>"; };
		6C47164C2B7069CC0083A4BB /* SettingsView.swift */ = {isa = PBXFileReference; lastKnownFileType = sourcecode.swift; path = SettingsView.swift; sourceTree = "<group>"; };
		6C5255B52B63AFF10096F899 /* remotedesktop.app */ = {isa = PBXFileReference; explicitFileType = wrapper.application; includeInIndex = 0; path = remotedesktop.app; sourceTree = BUILT_PRODUCTS_DIR; };
		6C5255B82B63AFF10096F899 /* remotedesktopApp.swift */ = {isa = PBXFileReference; lastKnownFileType = sourcecode.swift; path = remotedesktopApp.swift; sourceTree = "<group>"; };
		6C5255BA2B63AFF10096F899 /* ContentView.swift */ = {isa = PBXFileReference; lastKnownFileType = sourcecode.swift; path = ContentView.swift; sourceTree = "<group>"; };
		6C5255BC2B63AFF10096F899 /* Item.swift */ = {isa = PBXFileReference; lastKnownFileType = sourcecode.swift; path = Item.swift; sourceTree = "<group>"; };
		6C5255BE2B63AFF20096F899 /* Assets.xcassets */ = {isa = PBXFileReference; lastKnownFileType = folder.assetcatalog; path = Assets.xcassets; sourceTree = "<group>"; };
		6C5255C12B63AFF20096F899 /* Preview Assets.xcassets */ = {isa = PBXFileReference; lastKnownFileType = folder.assetcatalog; path = "Preview Assets.xcassets"; sourceTree = "<group>"; };
		6C5255C72B63AFF20096F899 /* remotedesktopTests.xctest */ = {isa = PBXFileReference; explicitFileType = wrapper.cfbundle; includeInIndex = 0; path = remotedesktopTests.xctest; sourceTree = BUILT_PRODUCTS_DIR; };
		6C5255CB2B63AFF20096F899 /* remotedesktopTests.swift */ = {isa = PBXFileReference; lastKnownFileType = sourcecode.swift; path = remotedesktopTests.swift; sourceTree = "<group>"; };
		6C5255D12B63AFF20096F899 /* remotedesktopUITests.xctest */ = {isa = PBXFileReference; explicitFileType = wrapper.cfbundle; includeInIndex = 0; path = remotedesktopUITests.xctest; sourceTree = BUILT_PRODUCTS_DIR; };
		6C5255D52B63AFF20096F899 /* remotedesktopUITests.swift */ = {isa = PBXFileReference; lastKnownFileType = sourcecode.swift; path = remotedesktopUITests.swift; sourceTree = "<group>"; };
		6C5255D72B63AFF20096F899 /* remotedesktopUITestsLaunchTests.swift */ = {isa = PBXFileReference; lastKnownFileType = sourcecode.swift; path = remotedesktopUITestsLaunchTests.swift; sourceTree = "<group>"; };
		6C5255E42B6496790096F899 /* Config.swift */ = {isa = PBXFileReference; lastKnownFileType = sourcecode.swift; path = Config.swift; sourceTree = "<group>"; };
		6C5255E62B6499A60096F899 /* ConfigModel.swift */ = {isa = PBXFileReference; lastKnownFileType = sourcecode.swift; path = ConfigModel.swift; sourceTree = "<group>"; };
		6C5255E82B6641B20096F899 /* viewer.html */ = {isa = PBXFileReference; lastKnownFileType = text.html; path = viewer.html; sourceTree = "<group>"; };
		6C5255EA2B67913B0096F899 /* all.js */ = {isa = PBXFileReference; fileEncoding = 4; lastKnownFileType = sourcecode.javascript; path = all.js; sourceTree = "<group>"; };
		6C5255EB2B67913B0096F899 /* all.min.js */ = {isa = PBXFileReference; fileEncoding = 4; lastKnownFileType = sourcecode.javascript; path = all.min.js; sourceTree = "<group>"; };
		6CDC1B8F2B717AD80026E43C /* LoginWebView.swift */ = {isa = PBXFileReference; lastKnownFileType = sourcecode.swift; path = LoginWebView.swift; sourceTree = "<group>"; };
		6CDC1B912B7190D00026E43C /* GuacViewer.swift */ = {isa = PBXFileReference; lastKnownFileType = sourcecode.swift; path = GuacViewer.swift; sourceTree = "<group>"; };
		6CDC1B932B71911C0026E43C /* LoginView.swift */ = {isa = PBXFileReference; lastKnownFileType = sourcecode.swift; path = LoginView.swift; sourceTree = "<group>"; };
/* End PBXFileReference section */

/* Begin PBXFrameworksBuildPhase section */
		6C5255B22B63AFF10096F899 /* Frameworks */ = {
			isa = PBXFrameworksBuildPhase;
			buildActionMask = 2147483647;
			files = (
			);
			runOnlyForDeploymentPostprocessing = 0;
		};
		6C5255C42B63AFF20096F899 /* Frameworks */ = {
			isa = PBXFrameworksBuildPhase;
			buildActionMask = 2147483647;
			files = (
			);
			runOnlyForDeploymentPostprocessing = 0;
		};
		6C5255CE2B63AFF20096F899 /* Frameworks */ = {
			isa = PBXFrameworksBuildPhase;
			buildActionMask = 2147483647;
			files = (
			);
			runOnlyForDeploymentPostprocessing = 0;
		};
/* End PBXFrameworksBuildPhase section */

/* Begin PBXGroup section */
		6C5255AC2B63AFF10096F899 = {
			isa = PBXGroup;
			children = (
				6C5255B72B63AFF10096F899 /* remotedesktop */,
				6C5255CA2B63AFF20096F899 /* remotedesktopTests */,
				6C5255D42B63AFF20096F899 /* remotedesktopUITests */,
				6C5255B62B63AFF10096F899 /* Products */,
			);
			sourceTree = "<group>";
		};
		6C5255B62B63AFF10096F899 /* Products */ = {
			isa = PBXGroup;
			children = (
				6C5255B52B63AFF10096F899 /* remotedesktop.app */,
				6C5255C72B63AFF20096F899 /* remotedesktopTests.xctest */,
				6C5255D12B63AFF20096F899 /* remotedesktopUITests.xctest */,
			);
			name = Products;
			sourceTree = "<group>";
		};
		6C5255B72B63AFF10096F899 /* remotedesktop */ = {
			isa = PBXGroup;
			children = (
				6C5255EA2B67913B0096F899 /* all.js */,
				6C5255EB2B67913B0096F899 /* all.min.js */,
				6C5255B82B63AFF10096F899 /* remotedesktopApp.swift */,
				6C5255BA2B63AFF10096F899 /* ContentView.swift */,
				6C5255BC2B63AFF10096F899 /* Item.swift */,
				6C5255BE2B63AFF20096F899 /* Assets.xcassets */,
				6C5255C02B63AFF20096F899 /* Preview Content */,
				6C5255E42B6496790096F899 /* Config.swift */,
				6C5255E62B6499A60096F899 /* ConfigModel.swift */,
				6C5255E82B6641B20096F899 /* viewer.html */,
				6C4716482B6DF1450083A4BB /* KeychainHelper.swift */,
				6C47164C2B7069CC0083A4BB /* SettingsView.swift */,
				6CDC1B8F2B717AD80026E43C /* LoginWebView.swift */,
				6CDC1B912B7190D00026E43C /* GuacViewer.swift */,
				6CDC1B932B71911C0026E43C /* LoginView.swift */,
			);
			path = remotedesktop;
			sourceTree = "<group>";
		};
		6C5255C02B63AFF20096F899 /* Preview Content */ = {
			isa = PBXGroup;
			children = (
				6C5255C12B63AFF20096F899 /* Preview Assets.xcassets */,
			);
			path = "Preview Content";
			sourceTree = "<group>";
		};
		6C5255CA2B63AFF20096F899 /* remotedesktopTests */ = {
			isa = PBXGroup;
			children = (
				6C5255CB2B63AFF20096F899 /* remotedesktopTests.swift */,
			);
			path = remotedesktopTests;
			sourceTree = "<group>";
		};
		6C5255D42B63AFF20096F899 /* remotedesktopUITests */ = {
			isa = PBXGroup;
			children = (
				6C5255D52B63AFF20096F899 /* remotedesktopUITests.swift */,
				6C5255D72B63AFF20096F899 /* remotedesktopUITestsLaunchTests.swift */,
			);
			path = remotedesktopUITests;
			sourceTree = "<group>";
		};
/* End PBXGroup section */

/* Begin PBXNativeTarget section */
		6C5255B42B63AFF10096F899 /* remotedesktop */ = {
			isa = PBXNativeTarget;
			buildConfigurationList = 6C5255DB2B63AFF20096F899 /* Build configuration list for PBXNativeTarget "remotedesktop" */;
			buildPhases = (
				6C5255B12B63AFF10096F899 /* Sources */,
				6C5255B22B63AFF10096F899 /* Frameworks */,
				6C5255B32B63AFF10096F899 /* Resources */,
			);
			buildRules = (
			);
			dependencies = (
			);
			name = remotedesktop;
			productName = remotedesktop;
			productReference = 6C5255B52B63AFF10096F899 /* remotedesktop.app */;
			productType = "com.apple.product-type.application";
		};
		6C5255C62B63AFF20096F899 /* remotedesktopTests */ = {
			isa = PBXNativeTarget;
			buildConfigurationList = 6C5255DE2B63AFF20096F899 /* Build configuration list for PBXNativeTarget "remotedesktopTests" */;
			buildPhases = (
				6C5255C32B63AFF20096F899 /* Sources */,
				6C5255C42B63AFF20096F899 /* Frameworks */,
				6C5255C52B63AFF20096F899 /* Resources */,
			);
			buildRules = (
			);
			dependencies = (
				6C5255C92B63AFF20096F899 /* PBXTargetDependency */,
			);
			name = remotedesktopTests;
			productName = remotedesktopTests;
			productReference = 6C5255C72B63AFF20096F899 /* remotedesktopTests.xctest */;
			productType = "com.apple.product-type.bundle.unit-test";
		};
		6C5255D02B63AFF20096F899 /* remotedesktopUITests */ = {
			isa = PBXNativeTarget;
			buildConfigurationList = 6C5255E12B63AFF20096F899 /* Build configuration list for PBXNativeTarget "remotedesktopUITests" */;
			buildPhases = (
				6C5255CD2B63AFF20096F899 /* Sources */,
				6C5255CE2B63AFF20096F899 /* Frameworks */,
				6C5255CF2B63AFF20096F899 /* Resources */,
			);
			buildRules = (
			);
			dependencies = (
				6C5255D32B63AFF20096F899 /* PBXTargetDependency */,
			);
			name = remotedesktopUITests;
			productName = remotedesktopUITests;
			productReference = 6C5255D12B63AFF20096F899 /* remotedesktopUITests.xctest */;
			productType = "com.apple.product-type.bundle.ui-testing";
		};
/* End PBXNativeTarget section */

/* Begin PBXProject section */
		6C5255AD2B63AFF10096F899 /* Project object */ = {
			isa = PBXProject;
			attributes = {
				BuildIndependentTargetsInParallel = 1;
				LastSwiftUpdateCheck = 1520;
				LastUpgradeCheck = 1520;
				TargetAttributes = {
					6C5255B42B63AFF10096F899 = {
						CreatedOnToolsVersion = 15.2;
					};
					6C5255C62B63AFF20096F899 = {
						CreatedOnToolsVersion = 15.2;
						TestTargetID = 6C5255B42B63AFF10096F899;
					};
					6C5255D02B63AFF20096F899 = {
						CreatedOnToolsVersion = 15.2;
						TestTargetID = 6C5255B42B63AFF10096F899;
					};
				};
			};
			buildConfigurationList = 6C5255B02B63AFF10096F899 /* Build configuration list for PBXProject "remotedesktop" */;
			compatibilityVersion = "Xcode 14.0";
			developmentRegion = en;
			hasScannedForEncodings = 0;
			knownRegions = (
				en,
				Base,
			);
			mainGroup = 6C5255AC2B63AFF10096F899;
			productRefGroup = 6C5255B62B63AFF10096F899 /* Products */;
			projectDirPath = "";
			projectRoot = "";
			targets = (
				6C5255B42B63AFF10096F899 /* remotedesktop */,
				6C5255C62B63AFF20096F899 /* remotedesktopTests */,
				6C5255D02B63AFF20096F899 /* remotedesktopUITests */,
			);
		};
/* End PBXProject section */

/* Begin PBXResourcesBuildPhase section */
		6C5255B32B63AFF10096F899 /* Resources */ = {
			isa = PBXResourcesBuildPhase;
			buildActionMask = 2147483647;
			files = (
				6C5255E92B6641B20096F899 /* viewer.html in Resources */,
				6C5255C22B63AFF20096F899 /* Preview Assets.xcassets in Resources */,
				6C5255EC2B67913B0096F899 /* all.js in Resources */,
				6C5255BF2B63AFF20096F899 /* Assets.xcassets in Resources */,
				6C5255ED2B67913B0096F899 /* all.min.js in Resources */,
			);
			runOnlyForDeploymentPostprocessing = 0;
		};
		6C5255C52B63AFF20096F899 /* Resources */ = {
			isa = PBXResourcesBuildPhase;
			buildActionMask = 2147483647;
			files = (
			);
			runOnlyForDeploymentPostprocessing = 0;
		};
		6C5255CF2B63AFF20096F899 /* Resources */ = {
			isa = PBXResourcesBuildPhase;
			buildActionMask = 2147483647;
			files = (
			);
			runOnlyForDeploymentPostprocessing = 0;
		};
/* End PBXResourcesBuildPhase section */

/* Begin PBXSourcesBuildPhase section */
		6C5255B12B63AFF10096F899 /* Sources */ = {
			isa = PBXSourcesBuildPhase;
			buildActionMask = 2147483647;
			files = (
				6C47164D2B7069CC0083A4BB /* SettingsView.swift in Sources */,
				6C5255BB2B63AFF10096F899 /* ContentView.swift in Sources */,
				6C4716492B6DF1450083A4BB /* KeychainHelper.swift in Sources */,
				6C5255E52B64967A0096F899 /* Config.swift in Sources */,
				6C5255BD2B63AFF10096F899 /* Item.swift in Sources */,
				6C5255B92B63AFF10096F899 /* remotedesktopApp.swift in Sources */,
				6C5255E72B6499A60096F899 /* ConfigModel.swift in Sources */,
				6CDC1B902B717AD80026E43C /* LoginWebView.swift in Sources */,
				6CDC1B942B71911C0026E43C /* LoginView.swift in Sources */,
				6CDC1B922B7190D00026E43C /* GuacViewer.swift in Sources */,
			);
			runOnlyForDeploymentPostprocessing = 0;
		};
		6C5255C32B63AFF20096F899 /* Sources */ = {
			isa = PBXSourcesBuildPhase;
			buildActionMask = 2147483647;
			files = (
				6C5255CC2B63AFF20096F899 /* remotedesktopTests.swift in Sources */,
			);
			runOnlyForDeploymentPostprocessing = 0;
		};
		6C5255CD2B63AFF20096F899 /* Sources */ = {
			isa = PBXSourcesBuildPhase;
			buildActionMask = 2147483647;
			files = (
				6C5255D62B63AFF20096F899 /* remotedesktopUITests.swift in Sources */,
				6C5255D82B63AFF20096F899 /* remotedesktopUITestsLaunchTests.swift in Sources */,
			);
			runOnlyForDeploymentPostprocessing = 0;
		};
/* End PBXSourcesBuildPhase section */

/* Begin PBXTargetDependency section */
		6C5255C92B63AFF20096F899 /* PBXTargetDependency */ = {
			isa = PBXTargetDependency;
			target = 6C5255B42B63AFF10096F899 /* remotedesktop */;
			targetProxy = 6C5255C82B63AFF20096F899 /* PBXContainerItemProxy */;
		};
		6C5255D32B63AFF20096F899 /* PBXTargetDependency */ = {
			isa = PBXTargetDependency;
			target = 6C5255B42B63AFF10096F899 /* remotedesktop */;
			targetProxy = 6C5255D22B63AFF20096F899 /* PBXContainerItemProxy */;
		};
/* End PBXTargetDependency section */

/* Begin XCBuildConfiguration section */
		6C5255D92B63AFF20096F899 /* Debug */ = {
			isa = XCBuildConfiguration;
			buildSettings = {
				ALWAYS_SEARCH_USER_PATHS = NO;
				ASSETCATALOG_COMPILER_GENERATE_SWIFT_ASSET_SYMBOL_EXTENSIONS = YES;
				CLANG_ANALYZER_NONNULL = YES;
				CLANG_ANALYZER_NUMBER_OBJECT_CONVERSION = YES_AGGRESSIVE;
				CLANG_CXX_LANGUAGE_STANDARD = "gnu++20";
				CLANG_ENABLE_MODULES = YES;
				CLANG_ENABLE_OBJC_ARC = YES;
				CLANG_ENABLE_OBJC_WEAK = YES;
				CLANG_WARN_BLOCK_CAPTURE_AUTORELEASING = YES;
				CLANG_WARN_BOOL_CONVERSION = YES;
				CLANG_WARN_COMMA = YES;
				CLANG_WARN_CONSTANT_CONVERSION = YES;
				CLANG_WARN_DEPRECATED_OBJC_IMPLEMENTATIONS = YES;
				CLANG_WARN_DIRECT_OBJC_ISA_USAGE = YES_ERROR;
				CLANG_WARN_DOCUMENTATION_COMMENTS = YES;
				CLANG_WARN_EMPTY_BODY = YES;
				CLANG_WARN_ENUM_CONVERSION = YES;
				CLANG_WARN_INFINITE_RECURSION = YES;
				CLANG_WARN_INT_CONVERSION = YES;
				CLANG_WARN_NON_LITERAL_NULL_CONVERSION = YES;
				CLANG_WARN_OBJC_IMPLICIT_RETAIN_SELF = YES;
				CLANG_WARN_OBJC_LITERAL_CONVERSION = YES;
				CLANG_WARN_OBJC_ROOT_CLASS = YES_ERROR;
				CLANG_WARN_QUOTED_INCLUDE_IN_FRAMEWORK_HEADER = YES;
				CLANG_WARN_RANGE_LOOP_ANALYSIS = YES;
				CLANG_WARN_STRICT_PROTOTYPES = YES;
				CLANG_WARN_SUSPICIOUS_MOVE = YES;
				CLANG_WARN_UNGUARDED_AVAILABILITY = YES_AGGRESSIVE;
				CLANG_WARN_UNREACHABLE_CODE = YES;
				CLANG_WARN__DUPLICATE_METHOD_MATCH = YES;
				COPY_PHASE_STRIP = NO;
				DEBUG_INFORMATION_FORMAT = dwarf;
				ENABLE_STRICT_OBJC_MSGSEND = YES;
				ENABLE_TESTABILITY = YES;
				ENABLE_USER_SCRIPT_SANDBOXING = YES;
				GCC_C_LANGUAGE_STANDARD = gnu17;
				GCC_DYNAMIC_NO_PIC = NO;
				GCC_NO_COMMON_BLOCKS = YES;
				GCC_OPTIMIZATION_LEVEL = 0;
				GCC_PREPROCESSOR_DEFINITIONS = (
					"DEBUG=1",
					"$(inherited)",
				);
				GCC_WARN_64_TO_32_BIT_CONVERSION = YES;
				GCC_WARN_ABOUT_RETURN_TYPE = YES_ERROR;
				GCC_WARN_UNDECLARED_SELECTOR = YES;
				GCC_WARN_UNINITIALIZED_AUTOS = YES_AGGRESSIVE;
				GCC_WARN_UNUSED_FUNCTION = YES;
				GCC_WARN_UNUSED_VARIABLE = YES;
				IPHONEOS_DEPLOYMENT_TARGET = 17.2;
				LOCALIZATION_PREFERS_STRING_CATALOGS = YES;
				MTL_ENABLE_DEBUG_INFO = INCLUDE_SOURCE;
				MTL_FAST_MATH = YES;
				ONLY_ACTIVE_ARCH = YES;
				SDKROOT = iphoneos;
				SWIFT_ACTIVE_COMPILATION_CONDITIONS = "DEBUG $(inherited)";
				SWIFT_OPTIMIZATION_LEVEL = "-Onone";
			};
			name = Debug;
		};
		6C5255DA2B63AFF20096F899 /* Release */ = {
			isa = XCBuildConfiguration;
			buildSettings = {
				ALWAYS_SEARCH_USER_PATHS = NO;
				ASSETCATALOG_COMPILER_GENERATE_SWIFT_ASSET_SYMBOL_EXTENSIONS = YES;
				CLANG_ANALYZER_NONNULL = YES;
				CLANG_ANALYZER_NUMBER_OBJECT_CONVERSION = YES_AGGRESSIVE;
				CLANG_CXX_LANGUAGE_STANDARD = "gnu++20";
				CLANG_ENABLE_MODULES = YES;
				CLANG_ENABLE_OBJC_ARC = YES;
				CLANG_ENABLE_OBJC_WEAK = YES;
				CLANG_WARN_BLOCK_CAPTURE_AUTORELEASING = YES;
				CLANG_WARN_BOOL_CONVERSION = YES;
				CLANG_WARN_COMMA = YES;
				CLANG_WARN_CONSTANT_CONVERSION = YES;
				CLANG_WARN_DEPRECATED_OBJC_IMPLEMENTATIONS = YES;
				CLANG_WARN_DIRECT_OBJC_ISA_USAGE = YES_ERROR;
				CLANG_WARN_DOCUMENTATION_COMMENTS = YES;
				CLANG_WARN_EMPTY_BODY = YES;
				CLANG_WARN_ENUM_CONVERSION = YES;
				CLANG_WARN_INFINITE_RECURSION = YES;
				CLANG_WARN_INT_CONVERSION = YES;
				CLANG_WARN_NON_LITERAL_NULL_CONVERSION = YES;
				CLANG_WARN_OBJC_IMPLICIT_RETAIN_SELF = YES;
				CLANG_WARN_OBJC_LITERAL_CONVERSION = YES;
				CLANG_WARN_OBJC_ROOT_CLASS = YES_ERROR;
				CLANG_WARN_QUOTED_INCLUDE_IN_FRAMEWORK_HEADER = YES;
				CLANG_WARN_RANGE_LOOP_ANALYSIS = YES;
				CLANG_WARN_STRICT_PROTOTYPES = YES;
				CLANG_WARN_SUSPICIOUS_MOVE = YES;
				CLANG_WARN_UNGUARDED_AVAILABILITY = YES_AGGRESSIVE;
				CLANG_WARN_UNREACHABLE_CODE = YES;
				CLANG_WARN__DUPLICATE_METHOD_MATCH = YES;
				COPY_PHASE_STRIP = NO;
				DEBUG_INFORMATION_FORMAT = "dwarf-with-dsym";
				ENABLE_NS_ASSERTIONS = NO;
				ENABLE_STRICT_OBJC_MSGSEND = YES;
				ENABLE_USER_SCRIPT_SANDBOXING = YES;
				GCC_C_LANGUAGE_STANDARD = gnu17;
				GCC_NO_COMMON_BLOCKS = YES;
				GCC_WARN_64_TO_32_BIT_CONVERSION = YES;
				GCC_WARN_ABOUT_RETURN_TYPE = YES_ERROR;
				GCC_WARN_UNDECLARED_SELECTOR = YES;
				GCC_WARN_UNINITIALIZED_AUTOS = YES_AGGRESSIVE;
				GCC_WARN_UNUSED_FUNCTION = YES;
				GCC_WARN_UNUSED_VARIABLE = YES;
				IPHONEOS_DEPLOYMENT_TARGET = 17.2;
				LOCALIZATION_PREFERS_STRING_CATALOGS = YES;
				MTL_ENABLE_DEBUG_INFO = NO;
				MTL_FAST_MATH = YES;
				SDKROOT = iphoneos;
				SWIFT_COMPILATION_MODE = wholemodule;
				VALIDATE_PRODUCT = YES;
			};
			name = Release;
		};
		6C5255DC2B63AFF20096F899 /* Debug */ = {
			isa = XCBuildConfiguration;
			buildSettings = {
				ASSETCATALOG_COMPILER_APPICON_NAME = AppIcon;
				ASSETCATALOG_COMPILER_GLOBAL_ACCENT_COLOR_NAME = AccentColor;
				CODE_SIGN_STYLE = Automatic;
				CURRENT_PROJECT_VERSION = 1;
				DEVELOPMENT_ASSET_PATHS = "\"remotedesktop/Preview Content\"";
				DEVELOPMENT_TEAM = YT5553SSWX;
				ENABLE_PREVIEWS = YES;
				GENERATE_INFOPLIST_FILE = YES;
				INFOPLIST_KEY_CFBundleDisplayName = "Remote Desktop Tool";
				INFOPLIST_KEY_LSApplicationCategoryType = "public.app-category.productivity";
				INFOPLIST_KEY_UIApplicationSceneManifest_Generation = YES;
				INFOPLIST_KEY_UIApplicationSupportsIndirectInputEvents = YES;
				INFOPLIST_KEY_UILaunchScreen_Generation = YES;
				INFOPLIST_KEY_UISupportedInterfaceOrientations_iPad = "UIInterfaceOrientationPortrait UIInterfaceOrientationPortraitUpsideDown UIInterfaceOrientationLandscapeLeft UIInterfaceOrientationLandscapeRight";
				INFOPLIST_KEY_UISupportedInterfaceOrientations_iPhone = "UIInterfaceOrientationPortrait UIInterfaceOrientationLandscapeLeft UIInterfaceOrientationLandscapeRight";
				LD_RUNPATH_SEARCH_PATHS = (
					"$(inherited)",
					"@executable_path/Frameworks",
				);
				MARKETING_VERSION = 1.0;
				PRODUCT_BUNDLE_IDENTIFIER = com.richardjameskendall.apple.remotedesktop;
				PRODUCT_NAME = "$(TARGET_NAME)";
				SUPPORTED_PLATFORMS = "iphoneos iphonesimulator";
				SUPPORTS_MACCATALYST = NO;
				SUPPORTS_XR_DESIGNED_FOR_IPHONE_IPAD = NO;
				SWIFT_EMIT_LOC_STRINGS = YES;
				SWIFT_VERSION = 5.0;
				TARGETED_DEVICE_FAMILY = 2;
			};
			name = Debug;
		};
		6C5255DD2B63AFF20096F899 /* Release */ = {
			isa = XCBuildConfiguration;
			buildSettings = {
				ASSETCATALOG_COMPILER_APPICON_NAME = AppIcon;
				ASSETCATALOG_COMPILER_GLOBAL_ACCENT_COLOR_NAME = AccentColor;
				CODE_SIGN_STYLE = Automatic;
				CURRENT_PROJECT_VERSION = 1;
				DEVELOPMENT_ASSET_PATHS = "\"remotedesktop/Preview Content\"";
				DEVELOPMENT_TEAM = YT5553SSWX;
				ENABLE_PREVIEWS = YES;
				GENERATE_INFOPLIST_FILE = YES;
				INFOPLIST_KEY_CFBundleDisplayName = "Remote Desktop Tool";
				INFOPLIST_KEY_LSApplicationCategoryType = "public.app-category.productivity";
				INFOPLIST_KEY_UIApplicationSceneManifest_Generation = YES;
				INFOPLIST_KEY_UIApplicationSupportsIndirectInputEvents = YES;
				INFOPLIST_KEY_UILaunchScreen_Generation = YES;
				INFOPLIST_KEY_UISupportedInterfaceOrientations_iPad = "UIInterfaceOrientationPortrait UIInterfaceOrientationPortraitUpsideDown UIInterfaceOrientationLandscapeLeft UIInterfaceOrientationLandscapeRight";
				INFOPLIST_KEY_UISupportedInterfaceOrientations_iPhone = "UIInterfaceOrientationPortrait UIInterfaceOrientationLandscapeLeft UIInterfaceOrientationLandscapeRight";
				LD_RUNPATH_SEARCH_PATHS = (
					"$(inherited)",
					"@executable_path/Frameworks",
				);
				MARKETING_VERSION = 1.0;
				PRODUCT_BUNDLE_IDENTIFIER = com.richardjameskendall.apple.remotedesktop;
				PRODUCT_NAME = "$(TARGET_NAME)";
				SUPPORTED_PLATFORMS = "iphoneos iphonesimulator";
				SUPPORTS_MACCATALYST = NO;
				SUPPORTS_XR_DESIGNED_FOR_IPHONE_IPAD = NO;
				SWIFT_EMIT_LOC_STRINGS = YES;
				SWIFT_VERSION = 5.0;
				TARGETED_DEVICE_FAMILY = 2;
			};
			name = Release;
		};
		6C5255DF2B63AFF20096F899 /* Debug */ = {
			isa = XCBuildConfiguration;
			buildSettings = {
				ALWAYS_EMBED_SWIFT_STANDARD_LIBRARIES = YES;
				BUNDLE_LOADER = "$(TEST_HOST)";
				CODE_SIGN_STYLE = Automatic;
				CURRENT_PROJECT_VERSION = 1;
				GENERATE_INFOPLIST_FILE = YES;
				IPHONEOS_DEPLOYMENT_TARGET = 17.2;
				MARKETING_VERSION = 1.0;
				PRODUCT_BUNDLE_IDENTIFIER = com.richardjameskendall.apple.remotedesktopTests;
				PRODUCT_NAME = "$(TARGET_NAME)";
				SWIFT_EMIT_LOC_STRINGS = NO;
				SWIFT_VERSION = 5.0;
				TARGETED_DEVICE_FAMILY = "1,2";
				TEST_HOST = "$(BUILT_PRODUCTS_DIR)/remotedesktop.app/$(BUNDLE_EXECUTABLE_FOLDER_PATH)/remotedesktop";
			};
			name = Debug;
		};
		6C5255E02B63AFF20096F899 /* Release */ = {
			isa = XCBuildConfiguration;
			buildSettings = {
				ALWAYS_EMBED_SWIFT_STANDARD_LIBRARIES = YES;
				BUNDLE_LOADER = "$(TEST_HOST)";
				CODE_SIGN_STYLE = Automatic;
				CURRENT_PROJECT_VERSION = 1;
				GENERATE_INFOPLIST_FILE = YES;
				IPHONEOS_DEPLOYMENT_TARGET = 17.2;
				MARKETING_VERSION = 1.0;
				PRODUCT_BUNDLE_IDENTIFIER = com.richardjameskendall.apple.remotedesktopTests;
				PRODUCT_NAME = "$(TARGET_NAME)";
				SWIFT_EMIT_LOC_STRINGS = NO;
				SWIFT_VERSION = 5.0;
				TARGETED_DEVICE_FAMILY = "1,2";
				TEST_HOST = "$(BUILT_PRODUCTS_DIR)/remotedesktop.app/$(BUNDLE_EXECUTABLE_FOLDER_PATH)/remotedesktop";
			};
			name = Release;
		};
		6C5255E22B63AFF20096F899 /* Debug */ = {
			isa = XCBuildConfiguration;
			buildSettings = {
				ALWAYS_EMBED_SWIFT_STANDARD_LIBRARIES = YES;
				CODE_SIGN_STYLE = Automatic;
				CURRENT_PROJECT_VERSION = 1;
				GENERATE_INFOPLIST_FILE = YES;
				MARKETING_VERSION = 1.0;
				PRODUCT_BUNDLE_IDENTIFIER = com.richardjameskendall.apple.remotedesktopUITests;
				PRODUCT_NAME = "$(TARGET_NAME)";
				SWIFT_EMIT_LOC_STRINGS = NO;
				SWIFT_VERSION = 5.0;
				TARGETED_DEVICE_FAMILY = "1,2";
				TEST_TARGET_NAME = remotedesktop;
			};
			name = Debug;
		};
		6C5255E32B63AFF20096F899 /* Release */ = {
			isa = XCBuildConfiguration;
			buildSettings = {
				ALWAYS_EMBED_SWIFT_STANDARD_LIBRARIES = YES;
				CODE_SIGN_STYLE = Automatic;
				CURRENT_PROJECT_VERSION = 1;
				GENERATE_INFOPLIST_FILE = YES;
				MARKETING_VERSION = 1.0;
				PRODUCT_BUNDLE_IDENTIFIER = com.richardjameskendall.apple.remotedesktopUITests;
				PRODUCT_NAME = "$(TARGET_NAME)";
				SWIFT_EMIT_LOC_STRINGS = NO;
				SWIFT_VERSION = 5.0;
				TARGETED_DEVICE_FAMILY = "1,2";
				TEST_TARGET_NAME = remotedesktop;
			};
			name = Release;
		};
/* End XCBuildConfiguration section */

/* Begin XCConfigurationList section */
		6C5255B02B63AFF10096F899 /* Build configuration list for PBXProject "remotedesktop" */ = {
			isa = XCConfigurationList;
			buildConfigurations = (
				6C5255D92B63AFF20096F899 /* Debug */,
				6C5255DA2B63AFF20096F899 /* Release */,
			);
			defaultConfigurationIsVisible = 0;
			defaultConfigurationName = Release;
		};
		6C5255DB2B63AFF20096F899 /* Build configuration list for PBXNativeTarget "remotedesktop" */ = {
			isa = XCConfigurationList;
			buildConfigurations = (
				6C5255DC2B63AFF20096F899 /* Debug */,
				6C5255DD2B63AFF20096F899 /* Release */,
			);
			defaultConfigurationIsVisible = 0;
			defaultConfigurationName = Release;
		};
		6C5255DE2B63AFF20096F899 /* Build configuration list for PBXNativeTarget "remotedesktopTests" */ = {
			isa = XCConfigurationList;
			buildConfigurations = (
				6C5255DF2B63AFF20096F899 /* Debug */,
				6C5255E02B63AFF20096F899 /* Release */,
			);
			defaultConfigurationIsVisible = 0;
			defaultConfigurationName = Release;
		};
		6C5255E12B63AFF20096F899 /* Build configuration list for PBXNativeTarget "remotedesktopUITests" */ = {
			isa = XCConfigurationList;
			buildConfigurations = (
				6C5255E22B63AFF20096F899 /* Debug */,
				6C5255E32B63AFF20096F899 /* Release */,
			);
			defaultConfigurationIsVisible = 0;
			defaultConfigurationName = Release;
		};
/* End XCConfigurationList section */
	};
	rootObject = 6C5255AD2B63AFF10096F899 /* Project object */;
}
